{
  "pins" : [
    {
      "identity" : "openaikit",
      "kind" : "remoteSourceControl",
      "location" : "https://github.com/MarcoDotIO/OpenAIKit.git",
      "state" : {
        "revision" : "9e718bc33f10bc0c0524ae140be6a89651c4ea3d",
        "version" : "1.2.0"
      }
    },
    {
      "identity" : "purchases-ios",
      "kind" : "remoteSourceControl",
      "location" : "https://github.com/RevenueCat/purchases-ios.git",
      "state" : {
        "revision" : "78d2f159d6d647f26ae5a9dd38276ea06403e7ec",
        "version" : "4.25.9"
      }
    }
  ],
  "version" : 2
}
